
Microsoft Visual Studio Solution File, Format Version 12.00
# Visual Studio 14
VisualStudioVersion = 14.0.25420.1
MinimumVisualStudioVersion = 10.0.40219.1
Project("{FAE04EC0-301F-11D3-BF4B-00C04F79EFBC}") = "AMLLoader", "AMLLoader\AMLLoader.csproj", "{EDE87792-8324-4F05-A439-B5567AE1AE59}"
EndProject
Project("{FAE04EC0-301F-11D3-BF4B-00C04F79EFBC}") = "PluginUtils", "PluginUtils\PluginUtils.csproj", "{1841ABF6-DD26-4117-942F-1B8D8B902C01}"
EndProject
Project("{FAE04EC0-301F-11D3-BF4B-00C04F79EFBC}") = "AGSO", "AGSO\AGSO.csproj", "{4449F2C7-FA11-4928-9542-86A2606D9CAB}"
EndProject
Project("{FAE04EC0-301F-11D3-BF4B-00C04F79EFBC}") = "RenderOffset", "RenderOffset\RenderOffset.csproj", "{66D915C7-F912-4105-B031-9B4C97E84160}"
EndProject
Project("{FAE04EC0-301F-11D3-BF4B-00C04F79EFBC}") = "FramerateCtrl", "FramerateCtrl\FramerateCtrl.csproj", "{0BE717E5-F816-4E97-A2DE-2B8D4C785BB9}"
EndProject
Project("{FAE04EC0-301F-11D3-BF4B-00C04F79EFBC}") = "AMLInjected", "AMLInjected\AMLInjected.csproj", "{E06CF776-4696-41D8-874D-7E01B6D001DE}"
EndProject
Project("{FAE04EC0-301F-11D3-BF4B-00C04F79EFBC}") = "Show_poi", "Show_poi\Show_poi.csproj", "{F6D4204F-ADD6-4509-8DD9-F924ADFCC6F0}"
EndProject
Project("{FAE04EC0-301F-11D3-BF4B-00C04F79EFBC}") = "TestMod", "TestMod\TestMod.csproj", "{F3ADAD5B-6024-45EB-A327-AFD770428EBB}"
EndProject
Project("{FAE04EC0-301F-11D3-BF4B-00C04F79EFBC}") = "Results_poi", "Results_poi\Results_poi.csproj", "{51A760A9-4891-4881-AE02-47324D52B5BD}"
EndProject
Project("{FAE04EC0-301F-11D3-BF4B-00C04F79EFBC}") = "NetworkTest", "NetworkTest\NetworkTest.csproj", "{0C2BBD84-3F28-487E-9354-4DA5A95FF0E5}"
EndProject
Project("{FAE04EC0-301F-11D3-BF4B-00C04F79EFBC}") = "Debugger", "Debugger\Debugger.csproj", "{4D1132DB-D8CC-41EB-AEB4-43B023F39E53}"
EndProject
Global
	GlobalSection(SolutionConfigurationPlatforms) = preSolution
		Debug|Any CPU = Debug|Any CPU
		Debug|Mixed Platforms = Debug|Mixed Platforms
		Debug|Win32 = Debug|Win32
		Debug|x86 = Debug|x86
		Release|Any CPU = Release|Any CPU
		Release|Mixed Platforms = Release|Mixed Platforms
		Release|Win32 = Release|Win32
		Release|x86 = Release|x86
	EndGlobalSection
	GlobalSection(ProjectConfigurationPlatforms) = postSolution
		{EDE87792-8324-4F05-A439-B5567AE1AE59}.Debug|Any CPU.ActiveCfg = Debug|Any CPU
		{EDE87792-8324-4F05-A439-B5567AE1AE59}.Debug|Any CPU.Build.0 = Debug|Any CPU
		{EDE87792-8324-4F05-A439-B5567AE1AE59}.Debug|Mixed Platforms.ActiveCfg = Debug|Any CPU
		{EDE87792-8324-4F05-A439-B5567AE1AE59}.Debug|Mixed Platforms.Build.0 = Debug|Any CPU
		{EDE87792-8324-4F05-A439-B5567AE1AE59}.Debug|Win32.ActiveCfg = Debug|Any CPU
		{EDE87792-8324-4F05-A439-B5567AE1AE59}.Debug|Win32.Build.0 = Debug|Any CPU
		{EDE87792-8324-4F05-A439-B5567AE1AE59}.Debug|x86.ActiveCfg = Debug|Any CPU
		{EDE87792-8324-4F05-A439-B5567AE1AE59}.Release|Any CPU.ActiveCfg = Release|Any CPU
		{EDE87792-8324-4F05-A439-B5567AE1AE59}.Release|Any CPU.Build.0 = Release|Any CPU
		{EDE87792-8324-4F05-A439-B5567AE1AE59}.Release|Mixed Platforms.ActiveCfg = Release|Any CPU
		{EDE87792-8324-4F05-A439-B5567AE1AE59}.Release|Mixed Platforms.Build.0 = Release|Any CPU
		{EDE87792-8324-4F05-A439-B5567AE1AE59}.Release|Win32.ActiveCfg = Release|Any CPU
		{EDE87792-8324-4F05-A439-B5567AE1AE59}.Release|Win32.Build.0 = Release|Any CPU
		{EDE87792-8324-4F05-A439-B5567AE1AE59}.Release|x86.ActiveCfg = Release|Any CPU
		{1841ABF6-DD26-4117-942F-1B8D8B902C01}.Debug|Any CPU.ActiveCfg = Debug|Any CPU
		{1841ABF6-DD26-4117-942F-1B8D8B902C01}.Debug|Any CPU.Build.0 = Debug|Any CPU
		{1841ABF6-DD26-4117-942F-1B8D8B902C01}.Debug|Mixed Platforms.ActiveCfg = Debug|Any CPU
		{1841ABF6-DD26-4117-942F-1B8D8B902C01}.Debug|Mixed Platforms.Build.0 = Debug|Any CPU
		{1841ABF6-DD26-4117-942F-1B8D8B902C01}.Debug|Win32.ActiveCfg = Debug|Any CPU
		{1841ABF6-DD26-4117-942F-1B8D8B902C01}.Debug|Win32.Build.0 = Debug|Any CPU
		{1841ABF6-DD26-4117-942F-1B8D8B902C01}.Debug|x86.ActiveCfg = Debug|Any CPU
		{1841ABF6-DD26-4117-942F-1B8D8B902C01}.Release|Any CPU.ActiveCfg = Release|Any CPU
		{1841ABF6-DD26-4117-942F-1B8D8B902C01}.Release|Any CPU.Build.0 = Release|Any CPU
		{1841ABF6-DD26-4117-942F-1B8D8B902C01}.Release|Mixed Platforms.ActiveCfg = Release|Any CPU
		{1841ABF6-DD26-4117-942F-1B8D8B902C01}.Release|Mixed Platforms.Build.0 = Release|Any CPU
		{1841ABF6-DD26-4117-942F-1B8D8B902C01}.Release|Win32.ActiveCfg = Release|Any CPU
		{1841ABF6-DD26-4117-942F-1B8D8B902C01}.Release|Win32.Build.0 = Release|Any CPU
		{1841ABF6-DD26-4117-942F-1B8D8B902C01}.Release|x86.ActiveCfg = Release|Any CPU
		{4449F2C7-FA11-4928-9542-86A2606D9CAB}.Debug|Any CPU.ActiveCfg = Debug|Any CPU
		{4449F2C7-FA11-4928-9542-86A2606D9CAB}.Debug|Any CPU.Build.0 = Debug|Any CPU
		{4449F2C7-FA11-4928-9542-86A2606D9CAB}.Debug|Mixed Platforms.ActiveCfg = Debug|Any CPU
		{4449F2C7-FA11-4928-9542-86A2606D9CAB}.Debug|Mixed Platforms.Build.0 = Debug|Any CPU
		{4449F2C7-FA11-4928-9542-86A2606D9CAB}.Debug|Win32.ActiveCfg = Debug|Any CPU
		{4449F2C7-FA11-4928-9542-86A2606D9CAB}.Debug|x86.ActiveCfg = Debug|Any CPU
		{4449F2C7-FA11-4928-9542-86A2606D9CAB}.Release|Any CPU.ActiveCfg = Release|Any CPU
		{4449F2C7-FA11-4928-9542-86A2606D9CAB}.Release|Any CPU.Build.0 = Release|Any CPU
		{4449F2C7-FA11-4928-9542-86A2606D9CAB}.Release|Mixed Platforms.ActiveCfg = Release|Any CPU
		{4449F2C7-FA11-4928-9542-86A2606D9CAB}.Release|Mixed Platforms.Build.0 = Release|Any CPU
		{4449F2C7-FA11-4928-9542-86A2606D9CAB}.Release|Win32.ActiveCfg = Release|Any CPU
		{4449F2C7-FA11-4928-9542-86A2606D9CAB}.Release|x86.ActiveCfg = Release|Any CPU
		{66D915C7-F912-4105-B031-9B4C97E84160}.Debug|Any CPU.ActiveCfg = Debug|Any CPU
		{66D915C7-F912-4105-B031-9B4C97E84160}.Debug|Any CPU.Build.0 = Debug|Any CPU
		{66D915C7-F912-4105-B031-9B4C97E84160}.Debug|Mixed Platforms.ActiveCfg = Debug|Any CPU
		{66D915C7-F912-4105-B031-9B4C97E84160}.Debug|Mixed Platforms.Build.0 = Debug|Any CPU
		{66D915C7-F912-4105-B031-9B4C97E84160}.Debug|Win32.ActiveCfg = Debug|Any CPU
		{66D915C7-F912-4105-B031-9B4C97E84160}.Debug|x86.ActiveCfg = Debug|Any CPU
		{66D915C7-F912-4105-B031-9B4C97E84160}.Release|Any CPU.ActiveCfg = Release|Any CPU
		{66D915C7-F912-4105-B031-9B4C97E84160}.Release|Any CPU.Build.0 = Release|Any CPU
		{66D915C7-F912-4105-B031-9B4C97E84160}.Release|Mixed Platforms.ActiveCfg = Release|Any CPU
		{66D915C7-F912-4105-B031-9B4C97E84160}.Release|Mixed Platforms.Build.0 = Release|Any CPU
		{66D915C7-F912-4105-B031-9B4C97E84160}.Release|Win32.ActiveCfg = Release|Any CPU
		{66D915C7-F912-4105-B031-9B4C97E84160}.Release|x86.ActiveCfg = Release|Any CPU
		{0BE717E5-F816-4E97-A2DE-2B8D4C785BB9}.Debug|Any CPU.ActiveCfg = Debug|Any CPU
		{0BE717E5-F816-4E97-A2DE-2B8D4C785BB9}.Debug|Any CPU.Build.0 = Debug|Any CPU
		{0BE717E5-F816-4E97-A2DE-2B8D4C785BB9}.Debug|Mixed Platforms.ActiveCfg = Debug|Any CPU
		{0BE717E5-F816-4E97-A2DE-2B8D4C785BB9}.Debug|Mixed Platforms.Build.0 = Debug|Any CPU
		{0BE717E5-F816-4E97-A2DE-2B8D4C785BB9}.Debug|Win32.ActiveCfg = Debug|Any CPU
		{0BE717E5-F816-4E97-A2DE-2B8D4C785BB9}.Debug|x86.ActiveCfg = Debug|Any CPU
		{0BE717E5-F816-4E97-A2DE-2B8D4C785BB9}.Release|Any CPU.ActiveCfg = Release|Any CPU
		{0BE717E5-F816-4E97-A2DE-2B8D4C785BB9}.Release|Any CPU.Build.0 = Release|Any CPU
		{0BE717E5-F816-4E97-A2DE-2B8D4C785BB9}.Release|Mixed Platforms.ActiveCfg = Release|Any CPU
		{0BE717E5-F816-4E97-A2DE-2B8D4C785BB9}.Release|Mixed Platforms.Build.0 = Release|Any CPU
		{0BE717E5-F816-4E97-A2DE-2B8D4C785BB9}.Release|Win32.ActiveCfg = Release|Any CPU
		{0BE717E5-F816-4E97-A2DE-2B8D4C785BB9}.Release|x86.ActiveCfg = Release|Any CPU
		{E06CF776-4696-41D8-874D-7E01B6D001DE}.Debug|Any CPU.ActiveCfg = Debug|Any CPU
		{E06CF776-4696-41D8-874D-7E01B6D001DE}.Debug|Any CPU.Build.0 = Debug|Any CPU
		{E06CF776-4696-41D8-874D-7E01B6D001DE}.Debug|Mixed Platforms.ActiveCfg = Debug|x86
		{E06CF776-4696-41D8-874D-7E01B6D001DE}.Debug|Mixed Platforms.Build.0 = Debug|x86
		{E06CF776-4696-41D8-874D-7E01B6D001DE}.Debug|Win32.ActiveCfg = Debug|x86
		{E06CF776-4696-41D8-874D-7E01B6D001DE}.Debug|Win32.Build.0 = Debug|x86
		{E06CF776-4696-41D8-874D-7E01B6D001DE}.Debug|x86.ActiveCfg = Debug|x86
		{E06CF776-4696-41D8-874D-7E01B6D001DE}.Debug|x86.Build.0 = Debug|x86
		{E06CF776-4696-41D8-874D-7E01B6D001DE}.Release|Any CPU.ActiveCfg = Release|Any CPU
		{E06CF776-4696-41D8-874D-7E01B6D001DE}.Release|Any CPU.Build.0 = Release|Any CPU
		{E06CF776-4696-41D8-874D-7E01B6D001DE}.Release|Mixed Platforms.ActiveCfg = Release|x86
		{E06CF776-4696-41D8-874D-7E01B6D001DE}.Release|Mixed Platforms.Build.0 = Release|x86
		{E06CF776-4696-41D8-874D-7E01B6D001DE}.Release|Win32.ActiveCfg = Release|x86
		{E06CF776-4696-41D8-874D-7E01B6D001DE}.Release|Win32.Build.0 = Release|x86
		{E06CF776-4696-41D8-874D-7E01B6D001DE}.Release|x86.ActiveCfg = Release|x86
		{E06CF776-4696-41D8-874D-7E01B6D001DE}.Release|x86.Build.0 = Release|x86
		{F6D4204F-ADD6-4509-8DD9-F924ADFCC6F0}.Debug|Any CPU.ActiveCfg = Debug|Any CPU
		{F6D4204F-ADD6-4509-8DD9-F924ADFCC6F0}.Debug|Any CPU.Build.0 = Debug|Any CPU
		{F6D4204F-ADD6-4509-8DD9-F924ADFCC6F0}.Debug|Mixed Platforms.ActiveCfg = Debug|Any CPU
		{F6D4204F-ADD6-4509-8DD9-F924ADFCC6F0}.Debug|Mixed Platforms.Build.0 = Debug|Any CPU
		{F6D4204F-ADD6-4509-8DD9-F924ADFCC6F0}.Debug|Win32.ActiveCfg = Debug|Any CPU
		{F6D4204F-ADD6-4509-8DD9-F924ADFCC6F0}.Debug|Win32.Build.0 = Debug|Any CPU
		{F6D4204F-ADD6-4509-8DD9-F924ADFCC6F0}.Debug|x86.ActiveCfg = Debug|Any CPU
		{F6D4204F-ADD6-4509-8DD9-F924ADFCC6F0}.Debug|x86.Build.0 = Debug|Any CPU
		{F6D4204F-ADD6-4509-8DD9-F924ADFCC6F0}.Release|Any CPU.ActiveCfg = Release|Any CPU
		{F6D4204F-ADD6-4509-8DD9-F924ADFCC6F0}.Release|Any CPU.Build.0 = Release|Any CPU
		{F6D4204F-ADD6-4509-8DD9-F924ADFCC6F0}.Release|Mixed Platforms.ActiveCfg = Release|Any CPU
		{F6D4204F-ADD6-4509-8DD9-F924ADFCC6F0}.Release|Mixed Platforms.Build.0 = Release|Any CPU
		{F6D4204F-ADD6-4509-8DD9-F924ADFCC6F0}.Release|Win32.ActiveCfg = Release|Any CPU
		{F6D4204F-ADD6-4509-8DD9-F924ADFCC6F0}.Release|Win32.Build.0 = Release|Any CPU
		{F6D4204F-ADD6-4509-8DD9-F924ADFCC6F0}.Release|x86.ActiveCfg = Release|Any CPU
		{F6D4204F-ADD6-4509-8DD9-F924ADFCC6F0}.Release|x86.Build.0 = Release|Any CPU
		{F3ADAD5B-6024-45EB-A327-AFD770428EBB}.Debug|Any CPU.ActiveCfg = Debug|Any CPU
		{F3ADAD5B-6024-45EB-A327-AFD770428EBB}.Debug|Any CPU.Build.0 = Debug|Any CPU
		{F3ADAD5B-6024-45EB-A327-AFD770428EBB}.Debug|Mixed Platforms.ActiveCfg = Debug|Any CPU
		{F3ADAD5B-6024-45EB-A327-AFD770428EBB}.Debug|Mixed Platforms.Build.0 = Debug|Any CPU
		{F3ADAD5B-6024-45EB-A327-AFD770428EBB}.Debug|Win32.ActiveCfg = Debug|Any CPU
		{F3ADAD5B-6024-45EB-A327-AFD770428EBB}.Debug|Win32.Build.0 = Debug|Any CPU
		{F3ADAD5B-6024-45EB-A327-AFD770428EBB}.Debug|x86.ActiveCfg = Debug|Any CPU
		{F3ADAD5B-6024-45EB-A327-AFD770428EBB}.Release|Any CPU.ActiveCfg = Release|Any CPU
		{F3ADAD5B-6024-45EB-A327-AFD770428EBB}.Release|Any CPU.Build.0 = Release|Any CPU
		{F3ADAD5B-6024-45EB-A327-AFD770428EBB}.Release|Mixed Platforms.ActiveCfg = Release|Any CPU
		{F3ADAD5B-6024-45EB-A327-AFD770428EBB}.Release|Mixed Platforms.Build.0 = Release|Any CPU
		{F3ADAD5B-6024-45EB-A327-AFD770428EBB}.Release|Win32.ActiveCfg = Release|Any CPU
		{F3ADAD5B-6024-45EB-A327-AFD770428EBB}.Release|x86.ActiveCfg = Release|Any CPU
		{51A760A9-4891-4881-AE02-47324D52B5BD}.Debug|Any CPU.ActiveCfg = Debug|Any CPU
		{51A760A9-4891-4881-AE02-47324D52B5BD}.Debug|Any CPU.Build.0 = Debug|Any CPU
		{51A760A9-4891-4881-AE02-47324D52B5BD}.Debug|Mixed Platforms.ActiveCfg = Debug|Any CPU
		{51A760A9-4891-4881-AE02-47324D52B5BD}.Debug|Mixed Platforms.Build.0 = Debug|Any CPU
		{51A760A9-4891-4881-AE02-47324D52B5BD}.Debug|Win32.ActiveCfg = Debug|Any CPU
		{51A760A9-4891-4881-AE02-47324D52B5BD}.Debug|Win32.Build.0 = Debug|Any CPU
		{51A760A9-4891-4881-AE02-47324D52B5BD}.Debug|x86.ActiveCfg = Debug|Any CPU
		{51A760A9-4891-4881-AE02-47324D52B5BD}.Debug|x86.Build.0 = Debug|Any CPU
		{51A760A9-4891-4881-AE02-47324D52B5BD}.Release|Any CPU.ActiveCfg = Release|Any CPU
		{51A760A9-4891-4881-AE02-47324D52B5BD}.Release|Any CPU.Build.0 = Release|Any CPU
		{51A760A9-4891-4881-AE02-47324D52B5BD}.Release|Mixed Platforms.ActiveCfg = Release|Any CPU
		{51A760A9-4891-4881-AE02-47324D52B5BD}.Release|Mixed Platforms.Build.0 = Release|Any CPU
		{51A760A9-4891-4881-AE02-47324D52B5BD}.Release|Win32.ActiveCfg = Release|Any CPU
		{51A760A9-4891-4881-AE02-47324D52B5BD}.Release|Win32.Build.0 = Release|Any CPU
		{51A760A9-4891-4881-AE02-47324D52B5BD}.Release|x86.ActiveCfg = Release|Any CPU
		{51A760A9-4891-4881-AE02-47324D52B5BD}.Release|x86.Build.0 = Release|Any CPU
		{0C2BBD84-3F28-487E-9354-4DA5A95FF0E5}.Debug|Any CPU.ActiveCfg = Debug|Any CPU
		{0C2BBD84-3F28-487E-9354-4DA5A95FF0E5}.Debug|Any CPU.Build.0 = Debug|Any CPU
		{0C2BBD84-3F28-487E-9354-4DA5A95FF0E5}.Debug|Mixed Platforms.ActiveCfg = Debug|Any CPU
		{0C2BBD84-3F28-487E-9354-4DA5A95FF0E5}.Debug|Mixed Platforms.Build.0 = Debug|Any CPU
		{0C2BBD84-3F28-487E-9354-4DA5A95FF0E5}.Debug|Win32.ActiveCfg = Debug|Any CPU
		{0C2BBD84-3F28-487E-9354-4DA5A95FF0E5}.Debug|Win32.Build.0 = Debug|Any CPU
		{0C2BBD84-3F28-487E-9354-4DA5A95FF0E5}.Debug|x86.ActiveCfg = Debug|Any CPU
		{0C2BBD84-3F28-487E-9354-4DA5A95FF0E5}.Debug|x86.Build.0 = Debug|Any CPU
		{0C2BBD84-3F28-487E-9354-4DA5A95FF0E5}.Release|Any CPU.ActiveCfg = Release|Any CPU
		{0C2BBD84-3F28-487E-9354-4DA5A95FF0E5}.Release|Any CPU.Build.0 = Release|Any CPU
		{0C2BBD84-3F28-487E-9354-4DA5A95FF0E5}.Release|Mixed Platforms.ActiveCfg = Release|Any CPU
		{0C2BBD84-3F28-487E-9354-4DA5A95FF0E5}.Release|Mixed Platforms.Build.0 = Release|Any CPU
		{0C2BBD84-3F28-487E-9354-4DA5A95FF0E5}.Release|Win32.ActiveCfg = Release|Any CPU
		{0C2BBD84-3F28-487E-9354-4DA5A95FF0E5}.Release|Win32.Build.0 = Release|Any CPU
		{0C2BBD84-3F28-487E-9354-4DA5A95FF0E5}.Release|x86.ActiveCfg = Release|Any CPU
		{0C2BBD84-3F28-487E-9354-4DA5A95FF0E5}.Release|x86.Build.0 = Release|Any CPU
		{4D1132DB-D8CC-41EB-AEB4-43B023F39E53}.Debug|Any CPU.ActiveCfg = Debug|Any CPU
		{4D1132DB-D8CC-41EB-AEB4-43B023F39E53}.Debug|Any CPU.Build.0 = Debug|Any CPU
		{4D1132DB-D8CC-41EB-AEB4-43B023F39E53}.Debug|Mixed Platforms.ActiveCfg = Debug|Any CPU
		{4D1132DB-D8CC-41EB-AEB4-43B023F39E53}.Debug|Mixed Platforms.Build.0 = Debug|Any CPU
		{4D1132DB-D8CC-41EB-AEB4-43B023F39E53}.Debug|Win32.ActiveCfg = Debug|Any CPU
		{4D1132DB-D8CC-41EB-AEB4-43B023F39E53}.Debug|Win32.Build.0 = Debug|Any CPU
		{4D1132DB-D8CC-41EB-AEB4-43B023F39E53}.Debug|x86.ActiveCfg = Debug|Any CPU
		{4D1132DB-D8CC-41EB-AEB4-43B023F39E53}.Debug|x86.Build.0 = Debug|Any CPU
		{4D1132DB-D8CC-41EB-AEB4-43B023F39E53}.Release|Any CPU.ActiveCfg = Release|Any CPU
		{4D1132DB-D8CC-41EB-AEB4-43B023F39E53}.Release|Any CPU.Build.0 = Release|Any CPU
		{4D1132DB-D8CC-41EB-AEB4-43B023F39E53}.Release|Mixed Platforms.ActiveCfg = Release|Any CPU
		{4D1132DB-D8CC-41EB-AEB4-43B023F39E53}.Release|Mixed Platforms.Build.0 = Release|Any CPU
		{4D1132DB-D8CC-41EB-AEB4-43B023F39E53}.Release|Win32.ActiveCfg = Release|Any CPU
		{4D1132DB-D8CC-41EB-AEB4-43B023F39E53}.Release|Win32.Build.0 = Release|Any CPU
		{4D1132DB-D8CC-41EB-AEB4-43B023F39E53}.Release|x86.ActiveCfg = Release|Any CPU
		{4D1132DB-D8CC-41EB-AEB4-43B023F39E53}.Release|x86.Build.0 = Release|Any CPU
	EndGlobalSection
	GlobalSection(SolutionProperties) = preSolution
		HideSolutionNode = FALSE
	EndGlobalSection
EndGlobal
